// !$*UTF8*$!
{
	archiveVersion = 1;
	classes = {
	};
	objectVersion = 50;
	objects = {

/* Begin PBXBuildFile section */
		5E3474CB21AC7764007F2D56 /* AppDelegate.swift in Sources */ = {isa = PBXBuildFile; fileRef = 5E3474CA21AC7764007F2D56 /* AppDelegate.swift */; };
		5E3474CD21AC7764007F2D56 /* ViewController.swift in Sources */ = {isa = PBXBuildFile; fileRef = 5E3474CC21AC7764007F2D56 /* ViewController.swift */; };
		5E3474D021AC7764007F2D56 /* Main.storyboard in Resources */ = {isa = PBXBuildFile; fileRef = 5E3474CE21AC7764007F2D56 /* Main.storyboard */; };
		5E3474D221AC7765007F2D56 /* Assets.xcassets in Resources */ = {isa = PBXBuildFile; fileRef = 5E3474D121AC7765007F2D56 /* Assets.xcassets */; };
		5E3474D521AC7765007F2D56 /* LaunchScreen.storyboard in Resources */ = {isa = PBXBuildFile; fileRef = 5E3474D321AC7765007F2D56 /* LaunchScreen.storyboard */; };
		5E3474E021AC7766007F2D56 /* JenkinsAppTests.swift in Sources */ = {isa = PBXBuildFile; fileRef = 5E3474DF21AC7766007F2D56 /* JenkinsAppTests.swift */; };
		5EAEC27521AD6D0A006AD093 /* JenkinsRequester.swift in Sources */ = {isa = PBXBuildFile; fileRef = 5EAEC27421AD6D0A006AD093 /* JenkinsRequester.swift */; };
/* End PBXBuildFile section */

/* Begin PBXContainerItemProxy section */
		5E3474DC21AC7766007F2D56 /* PBXContainerItemProxy */ = {
			isa = PBXContainerItemProxy;
			containerPortal = 5E3474BF21AC7764007F2D56 /* Project object */;
			proxyType = 1;
			remoteGlobalIDString = 5E3474C621AC7764007F2D56;
			remoteInfo = JenkinsApp;
		};
/* End PBXContainerItemProxy section */

/* Begin PBXFileReference section */
		5E3474C721AC7764007F2D56 /* JenkinsApp.app */ = {isa = PBXFileReference; explicitFileType = wrapper.application; includeInIndex = 0; path = JenkinsApp.app; sourceTree = BUILT_PRODUCTS_DIR; };
		5E3474CA21AC7764007F2D56 /* AppDelegate.swift */ = {isa = PBXFileReference; lastKnownFileType = sourcecode.swift; path = AppDelegate.swift; sourceTree = "<group>"; };
		5E3474CC21AC7764007F2D56 /* ViewController.swift */ = {isa = PBXFileReference; lastKnownFileType = sourcecode.swift; path = ViewController.swift; sourceTree = "<group>"; };
		5E3474CF21AC7764007F2D56 /* Base */ = {isa = PBXFileReference; lastKnownFileType = file.storyboard; name = Base; path = Base.lproj/Main.storyboard; sourceTree = "<group>"; };
		5E3474D121AC7765007F2D56 /* Assets.xcassets */ = {isa = PBXFileReference; lastKnownFileType = folder.assetcatalog; path = Assets.xcassets; sourceTree = "<group>"; };
		5E3474D421AC7765007F2D56 /* Base */ = {isa = PBXFileReference; lastKnownFileType = file.storyboard; name = Base; path = Base.lproj/LaunchScreen.storyboard; sourceTree = "<group>"; };
		5E3474D621AC7765007F2D56 /* Info.plist */ = {isa = PBXFileReference; lastKnownFileType = text.plist.xml; path = Info.plist; sourceTree = "<group>"; };
		5E3474DB21AC7766007F2D56 /* JenkinsAppTests.xctest */ = {isa = PBXFileReference; explicitFileType = wrapper.cfbundle; includeInIndex = 0; path = JenkinsAppTests.xctest; sourceTree = BUILT_PRODUCTS_DIR; };
		5E3474DF21AC7766007F2D56 /* JenkinsAppTests.swift */ = {isa = PBXFileReference; lastKnownFileType = sourcecode.swift; path = JenkinsAppTests.swift; sourceTree = "<group>"; };
		5E3474E121AC7766007F2D56 /* Info.plist */ = {isa = PBXFileReference; lastKnownFileType = text.plist.xml; path = Info.plist; sourceTree = "<group>"; };
		5EAEC27421AD6D0A006AD093 /* JenkinsRequester.swift */ = {isa = PBXFileReference; lastKnownFileType = sourcecode.swift; path = JenkinsRequester.swift; sourceTree = "<group>"; };
/* End PBXFileReference section */

/* Begin PBXFrameworksBuildPhase section */
		5E3474C421AC7764007F2D56 /* Frameworks */ = {
			isa = PBXFrameworksBuildPhase;
			buildActionMask = 2147483647;
			files = (
			);
			runOnlyForDeploymentPostprocessing = 0;
		};
		5E3474D821AC7766007F2D56 /* Frameworks */ = {
			isa = PBXFrameworksBuildPhase;
			buildActionMask = 2147483647;
			files = (
			);
			runOnlyForDeploymentPostprocessing = 0;
		};
/* End PBXFrameworksBuildPhase section */

/* Begin PBXGroup section */
		5E3474BE21AC7764007F2D56 = {
			isa = PBXGroup;
			children = (
				5E3474C921AC7764007F2D56 /* JenkinsApp */,
				5E3474DE21AC7766007F2D56 /* JenkinsAppTests */,
				5E3474C821AC7764007F2D56 /* Products */,
			);
			sourceTree = "<group>";
		};
		5E3474C821AC7764007F2D56 /* Products */ = {
			isa = PBXGroup;
			children = (
				5E3474C721AC7764007F2D56 /* JenkinsApp.app */,
				5E3474DB21AC7766007F2D56 /* JenkinsAppTests.xctest */,
			);
			name = Products;
			sourceTree = "<group>";
		};
		5E3474C921AC7764007F2D56 /* JenkinsApp */ = {
			isa = PBXGroup;
			children = (
				5E3474CA21AC7764007F2D56 /* AppDelegate.swift */,
				5E3474CC21AC7764007F2D56 /* ViewController.swift */,
				5EAEC27421AD6D0A006AD093 /* JenkinsRequester.swift */,
				5E3474CE21AC7764007F2D56 /* Main.storyboard */,
				5E3474D121AC7765007F2D56 /* Assets.xcassets */,
				5E3474D321AC7765007F2D56 /* LaunchScreen.storyboard */,
				5E3474D621AC7765007F2D56 /* Info.plist */,
			);
			path = JenkinsApp;
			sourceTree = "<group>";
		};
		5E3474DE21AC7766007F2D56 /* JenkinsAppTests */ = {
			isa = PBXGroup;
			children = (
				5E3474DF21AC7766007F2D56 /* JenkinsAppTests.swift */,
				5E3474E121AC7766007F2D56 /* Info.plist */,
			);
			path = JenkinsAppTests;
			sourceTree = "<group>";
		};
/* End PBXGroup section */

/* Begin PBXNativeTarget section */
		5E3474C621AC7764007F2D56 /* JenkinsApp */ = {
			isa = PBXNativeTarget;
			buildConfigurationList = 5E3474E421AC7766007F2D56 /* Build configuration list for PBXNativeTarget "JenkinsApp" */;
			buildPhases = (
				5E3474C321AC7764007F2D56 /* Sources */,
				5E3474C421AC7764007F2D56 /* Frameworks */,
				5E3474C521AC7764007F2D56 /* Resources */,
			);
			buildRules = (
			);
			dependencies = (
			);
			name = JenkinsApp;
			productName = JenkinsApp;
			productReference = 5E3474C721AC7764007F2D56 /* JenkinsApp.app */;
			productType = "com.apple.product-type.application";
		};
		5E3474DA21AC7766007F2D56 /* JenkinsAppTests */ = {
			isa = PBXNativeTarget;
			buildConfigurationList = 5E3474E721AC7766007F2D56 /* Build configuration list for PBXNativeTarget "JenkinsAppTests" */;
			buildPhases = (
				5E3474D721AC7766007F2D56 /* Sources */,
				5E3474D821AC7766007F2D56 /* Frameworks */,
				5E3474D921AC7766007F2D56 /* Resources */,
			);
			buildRules = (
			);
			dependencies = (
				5E3474DD21AC7766007F2D56 /* PBXTargetDependency */,
			);
			name = JenkinsAppTests;
			productName = JenkinsAppTests;
			productReference = 5E3474DB21AC7766007F2D56 /* JenkinsAppTests.xctest */;
			productType = "com.apple.product-type.bundle.unit-test";
		};
/* End PBXNativeTarget section */

/* Begin PBXProject section */
		5E3474BF21AC7764007F2D56 /* Project object */ = {
			isa = PBXProject;
			attributes = {
				LastSwiftUpdateCheck = 1010;
				LastUpgradeCheck = 1010;
				ORGANIZATIONNAME = "George Gomes";
				TargetAttributes = {
					5E3474C621AC7764007F2D56 = {
						CreatedOnToolsVersion = 10.1;
					};
					5E3474DA21AC7766007F2D56 = {
						CreatedOnToolsVersion = 10.1;
						TestTargetID = 5E3474C621AC7764007F2D56;
					};
				};
			};
			buildConfigurationList = 5E3474C221AC7764007F2D56 /* Build configuration list for PBXProject "JenkinsApp" */;
			compatibilityVersion = "Xcode 9.3";
			developmentRegion = en;
			hasScannedForEncodings = 0;
			knownRegions = (
				en,
				Base,
			);
			mainGroup = 5E3474BE21AC7764007F2D56;
			productRefGroup = 5E3474C821AC7764007F2D56 /* Products */;
			projectDirPath = "";
			projectRoot = "";
			targets = (
				5E3474C621AC7764007F2D56 /* JenkinsApp */,
				5E3474DA21AC7766007F2D56 /* JenkinsAppTests */,
			);
		};
/* End PBXProject section */

/* Begin PBXResourcesBuildPhase section */
		5E3474C521AC7764007F2D56 /* Resources */ = {
			isa = PBXResourcesBuildPhase;
			buildActionMask = 2147483647;
			files = (
				5E3474D521AC7765007F2D56 /* LaunchScreen.storyboard in Resources */,
				5E3474D221AC7765007F2D56 /* Assets.xcassets in Resources */,
				5E3474D021AC7764007F2D56 /* Main.storyboard in Resources */,
			);
			runOnlyForDeploymentPostprocessing = 0;
		};
		5E3474D921AC7766007F2D56 /* Resources */ = {
			isa = PBXResourcesBuildPhase;
			buildActionMask = 2147483647;
			files = (
			);
			runOnlyForDeploymentPostprocessing = 0;
		};
/* End PBXResourcesBuildPhase section */

/* Begin PBXSourcesBuildPhase section */
		5E3474C321AC7764007F2D56 /* Sources */ = {
			isa = PBXSourcesBuildPhase;
			buildActionMask = 2147483647;
			files = (
				5E3474CD21AC7764007F2D56 /* ViewController.swift in Sources */,
				5EAEC27521AD6D0A006AD093 /* JenkinsRequester.swift in Sources */,
				5E3474CB21AC7764007F2D56 /* AppDelegate.swift in Sources */,
			);
			runOnlyForDeploymentPostprocessing = 0;
		};
		5E3474D721AC7766007F2D56 /* Sources */ = {
			isa = PBXSourcesBuildPhase;
			buildActionMask = 2147483647;
			files = (
				5E3474E021AC7766007F2D56 /* JenkinsAppTests.swift in Sources */,
			);
			runOnlyForDeploymentPostprocessing = 0;
		};
/* End PBXSourcesBuildPhase section */

/* Begin PBXTargetDependency section */
		5E3474DD21AC7766007F2D56 /* PBXTargetDependency */ = {
			isa = PBXTargetDependency;
			target = 5E3474C621AC7764007F2D56 /* JenkinsApp */;
			targetProxy = 5E3474DC21AC7766007F2D56 /* PBXContainerItemProxy */;
		};
/* End PBXTargetDependency section */

/* Begin PBXVariantGroup section */
		5E3474CE21AC7764007F2D56 /* Main.storyboard */ = {
			isa = PBXVariantGroup;
			children = (
				5E3474CF21AC7764007F2D56 /* Base */,
			);
			name = Main.storyboard;
			sourceTree = "<group>";
		};
		5E3474D321AC7765007F2D56 /* LaunchScreen.storyboard */ = {
			isa = PBXVariantGroup;
			children = (
				5E3474D421AC7765007F2D56 /* Base */,
			);
			name = LaunchScreen.storyboard;
			sourceTree = "<group>";
		};
/* End PBXVariantGroup section */

/* Begin XCBuildConfiguration section */
		5E3474E221AC7766007F2D56 /* Debug */ = {
			isa = XCBuildConfiguration;
			buildSettings = {
				ALWAYS_SEARCH_USER_PATHS = NO;
				CLANG_ANALYZER_NONNULL = YES;
				CLANG_ANALYZER_NUMBER_OBJECT_CONVERSION = YES_AGGRESSIVE;
				CLANG_CXX_LANGUAGE_STANDARD = "gnu++14";
				CLANG_CXX_LIBRARY = "libc++";
				CLANG_ENABLE_MODULES = YES;
				CLANG_ENABLE_OBJC_ARC = YES;
				CLANG_ENABLE_OBJC_WEAK = YES;
				CLANG_WARN_BLOCK_CAPTURE_AUTORELEASING = YES;
				CLANG_WARN_BOOL_CONVERSION = YES;
				CLANG_WARN_COMMA = YES;
				CLANG_WARN_CONSTANT_CONVERSION = YES;
				CLANG_WARN_DEPRECATED_OBJC_IMPLEMENTATIONS = YES;
				CLANG_WARN_DIRECT_OBJC_ISA_USAGE = YES_ERROR;
				CLANG_WARN_DOCUMENTATION_COMMENTS = YES;
				CLANG_WARN_EMPTY_BODY = YES;
				CLANG_WARN_ENUM_CONVERSION = YES;
				CLANG_WARN_INFINITE_RECURSION = YES;
				CLANG_WARN_INT_CONVERSION = YES;
				CLANG_WARN_NON_LITERAL_NULL_CONVERSION = YES;
				CLANG_WARN_OBJC_IMPLICIT_RETAIN_SELF = YES;
				CLANG_WARN_OBJC_LITERAL_CONVERSION = YES;
				CLANG_WARN_OBJC_ROOT_CLASS = YES_ERROR;
				CLANG_WARN_RANGE_LOOP_ANALYSIS = YES;
				CLANG_WARN_STRICT_PROTOTYPES = YES;
				CLANG_WARN_SUSPICIOUS_MOVE = YES;
				CLANG_WARN_UNGUARDED_AVAILABILITY = YES_AGGRESSIVE;
				CLANG_WARN_UNREACHABLE_CODE = YES;
				CLANG_WARN__DUPLICATE_METHOD_MATCH = YES;
				CODE_SIGN_IDENTITY = "iPhone Developer";
				COPY_PHASE_STRIP = NO;
				DEBUG_INFORMATION_FORMAT = dwarf;
				ENABLE_STRICT_OBJC_MSGSEND = YES;
				ENABLE_TESTABILITY = YES;
				GCC_C_LANGUAGE_STANDARD = gnu11;
				GCC_DYNAMIC_NO_PIC = NO;
				GCC_NO_COMMON_BLOCKS = YES;
				GCC_OPTIMIZATION_LEVEL = 0;
				GCC_PREPROCESSOR_DEFINITIONS = (
					"DEBUG=1",
					"$(inherited)",
				);
				GCC_WARN_64_TO_32_BIT_CONVERSION = YES;
				GCC_WARN_ABOUT_RETURN_TYPE = YES_ERROR;
				GCC_WARN_UNDECLARED_SELECTOR = YES;
				GCC_WARN_UNINITIALIZED_AUTOS = YES_AGGRESSIVE;
				GCC_WARN_UNUSED_FUNCTION = YES;
				GCC_WARN_UNUSED_VARIABLE = YES;
				IPHONEOS_DEPLOYMENT_TARGET = 12.1;
				MTL_ENABLE_DEBUG_INFO = INCLUDE_SOURCE;
				MTL_FAST_MATH = YES;
				ONLY_ACTIVE_ARCH = YES;
				SDKROOT = iphoneos;
				SWIFT_ACTIVE_COMPILATION_CONDITIONS = DEBUG;
				SWIFT_OPTIMIZATION_LEVEL = "-Onone";
			};
			name = Debug;
		};
		5E3474E321AC7766007F2D56 /* Release */ = {
			isa = XCBuildConfiguration;
			buildSettings = {
				ALWAYS_SEARCH_USER_PATHS = NO;
				CLANG_ANALYZER_NONNULL = YES;
				CLANG_ANALYZER_NUMBER_OBJECT_CONVERSION = YES_AGGRESSIVE;
				CLANG_CXX_LANGUAGE_STANDARD = "gnu++14";
				CLANG_CXX_LIBRARY = "libc++";
				CLANG_ENABLE_MODULES = YES;
				CLANG_ENABLE_OBJC_ARC = YES;
				CLANG_ENABLE_OBJC_WEAK = YES;
				CLANG_WARN_BLOCK_CAPTURE_AUTORELEASING = YES;
				CLANG_WARN_BOOL_CONVERSION = YES;
				CLANG_WARN_COMMA = YES;
				CLANG_WARN_CONSTANT_CONVERSION = YES;
				CLANG_WARN_DEPRECATED_OBJC_IMPLEMENTATIONS = YES;
				CLANG_WARN_DIRECT_OBJC_ISA_USAGE = YES_ERROR;
				CLANG_WARN_DOCUMENTATION_COMMENTS = YES;
				CLANG_WARN_EMPTY_BODY = YES;
				CLANG_WARN_ENUM_CONVERSION = YES;
				CLANG_WARN_INFINITE_RECURSION = YES;
				CLANG_WARN_INT_CONVERSION = YES;
				CLANG_WARN_NON_LITERAL_NULL_CONVERSION = YES;
				CLANG_WARN_OBJC_IMPLICIT_RETAIN_SELF = YES;
				CLANG_WARN_OBJC_LITERAL_CONVERSION = YES;
				CLANG_WARN_OBJC_ROOT_CLASS = YES_ERROR;
				CLANG_WARN_RANGE_LOOP_ANALYSIS = YES;
				CLANG_WARN_STRICT_PROTOTYPES = YES;
				CLANG_WARN_SUSPICIOUS_MOVE = YES;
				CLANG_WARN_UNGUARDED_AVAILABILITY = YES_AGGRESSIVE;
				CLANG_WARN_UNREACHABLE_CODE = YES;
				CLANG_WARN__DUPLICATE_METHOD_MATCH = YES;
				CODE_SIGN_IDENTITY = "iPhone Developer";
				COPY_PHASE_STRIP = NO;
				DEBUG_INFORMATION_FORMAT = "dwarf-with-dsym";
				ENABLE_NS_ASSERTIONS = NO;
				ENABLE_STRICT_OBJC_MSGSEND = YES;
				GCC_C_LANGUAGE_STANDARD = gnu11;
				GCC_NO_COMMON_BLOCKS = YES;
				GCC_WARN_64_TO_32_BIT_CONVERSION = YES;
				GCC_WARN_ABOUT_RETURN_TYPE = YES_ERROR;
				GCC_WARN_UNDECLARED_SELECTOR = YES;
				GCC_WARN_UNINITIALIZED_AUTOS = YES_AGGRESSIVE;
				GCC_WARN_UNUSED_FUNCTION = YES;
				GCC_WARN_UNUSED_VARIABLE = YES;
				IPHONEOS_DEPLOYMENT_TARGET = 12.1;
				MTL_ENABLE_DEBUG_INFO = NO;
				MTL_FAST_MATH = YES;
				SDKROOT = iphoneos;
				SWIFT_COMPILATION_MODE = wholemodule;
				SWIFT_OPTIMIZATION_LEVEL = "-O";
				VALIDATE_PRODUCT = YES;
			};
			name = Release;
		};
		5E3474E521AC7766007F2D56 /* Debug */ = {
			isa = XCBuildConfiguration;
			buildSettings = {
				ASSETCATALOG_COMPILER_APPICON_NAME = AppIcon;
				CODE_SIGN_STYLE = Automatic;
				DEVELOPMENT_TEAM = J8JPD2534R;
				INFOPLIST_FILE = JenkinsApp/Info.plist;
				LD_RUNPATH_SEARCH_PATHS = (
					"$(inherited)",
					"@executable_path/Frameworks",
				);
				PRODUCT_BUNDLE_IDENTIFIER = io.kobe.JenkinsApp;
				PRODUCT_NAME = "$(TARGET_NAME)";
				SWIFT_VERSION = 4.2;
				TARGETED_DEVICE_FAMILY = "1,2";
			};
			name = Debug;
		};
		5E3474E621AC7766007F2D56 /* Release */ = {
			isa = XCBuildConfiguration;
			buildSettings = {
				ASSETCATALOG_COMPILER_APPICON_NAME = AppIcon;
				CODE_SIGN_STYLE = Automatic;
				DEVELOPMENT_TEAM = J8JPD2534R;
				INFOPLIST_FILE = JenkinsApp/Info.plist;
				LD_RUNPATH_SEARCH_PATHS = (
					"$(inherited)",
					"@executable_path/Frameworks",
				);
				PRODUCT_BUNDLE_IDENTIFIER = io.kobe.JenkinsApp;
				PRODUCT_NAME = "$(TARGET_NAME)";
				SWIFT_VERSION = 4.2;
				TARGETED_DEVICE_FAMILY = "1,2";
			};
			name = Release;
		};
		5E3474E821AC7766007F2D56 /* Debug */ = {
			isa = XCBuildConfiguration;
			buildSettings = {
				ALWAYS_EMBED_SWIFT_STANDARD_LIBRARIES = YES;
				BUNDLE_LOADER = "$(TEST_HOST)";
				CODE_SIGN_STYLE = Automatic;
				DEVELOPMENT_TEAM = J8JPD2534R;
				INFOPLIST_FILE = JenkinsAppTests/Info.plist;
				LD_RUNPATH_SEARCH_PATHS = (
					"$(inherited)",
					"@executable_path/Frameworks",
					"@loader_path/Frameworks",
				);
				PRODUCT_BUNDLE_IDENTIFIER = io.kobe.JenkinsAppTests;
				PRODUCT_NAME = "$(TARGET_NAME)";
				SWIFT_VERSION = 4.2;
				TARGETED_DEVICE_FAMILY = "1,2";
				TEST_HOST = "$(BUILT_PRODUCTS_DIR)/JenkinsApp.app/JenkinsApp";
			};
			name = Debug;
		};
		5E3474E921AC7766007F2D56 /* Release */ = {
			isa = XCBuildConfiguration;
			buildSettings = {
				ALWAYS_EMBED_SWIFT_STANDARD_LIBRARIES = YES;
				BUNDLE_LOADER = "$(TEST_HOST)";
				CODE_SIGN_STYLE = Automatic;
				DEVELOPMENT_TEAM = J8JPD2534R;
				INFOPLIST_FILE = JenkinsAppTests/Info.plist;
				LD_RUNPATH_SEARCH_PATHS = (
					"$(inherited)",
					"@executable_path/Frameworks",
					"@loader_path/Frameworks",
				);
				PRODUCT_BUNDLE_IDENTIFIER = io.kobe.JenkinsAppTests;
				PRODUCT_NAME = "$(TARGET_NAME)";
				SWIFT_VERSION = 4.2;
				TARGETED_DEVICE_FAMILY = "1,2";
				TEST_HOST = "$(BUILT_PRODUCTS_DIR)/JenkinsApp.app/JenkinsApp";
			};
			name = Release;
		};
/* End XCBuildConfiguration section */

/* Begin XCConfigurationList section */
		5E3474C221AC7764007F2D56 /* Build configuration list for PBXProject "JenkinsApp" */ = {
			isa = XCConfigurationList;
			buildConfigurations = (
				5E3474E221AC7766007F2D56 /* Debug */,
				5E3474E321AC7766007F2D56 /* Release */,
			);
			defaultConfigurationIsVisible = 0;
			defaultConfigurationName = Release;
		};
		5E3474E421AC7766007F2D56 /* Build configuration list for PBXNativeTarget "JenkinsApp" */ = {
			isa = XCConfigurationList;
			buildConfigurations = (
				5E3474E521AC7766007F2D56 /* Debug */,
				5E3474E621AC7766007F2D56 /* Release */,
			);
			defaultConfigurationIsVisible = 0;
			defaultConfigurationName = Release;
		};
		5E3474E721AC7766007F2D56 /* Build configuration list for PBXNativeTarget "JenkinsAppTests" */ = {
			isa = XCConfigurationList;
			buildConfigurations = (
				5E3474E821AC7766007F2D56 /* Debug */,
				5E3474E921AC7766007F2D56 /* Release */,
			);
			defaultConfigurationIsVisible = 0;
			defaultConfigurationName = Release;
		};
/* End XCConfigurationList section */
	};
	rootObject = 5E3474BF21AC7764007F2D56 /* Project object */;
}
